// !$*UTF8*$!
{
	archiveVersion = 1;
	classes = {
	};
	objectVersion = 46;
	objects = {

/* Begin PBXBuildFile section */
		09340DEF18D0BF28008DC7FA /* NodeListTableViewController.m in Sources */ = {isa = PBXBuildFile; fileRef = 09340DEE18D0BF28008DC7FA /* NodeListTableViewController.m */; };
		09340DF218D0C799008DC7FA /* NodesMapViewController.m in Sources */ = {isa = PBXBuildFile; fileRef = 09340DF118D0C799008DC7FA /* NodesMapViewController.m */; };
		098AF63418D49C2D004D2807 /* Icon-72.png in Resources */ = {isa = PBXBuildFile; fileRef = 098AF62A18D49C2D004D2807 /* Icon-72.png */; };
		098AF63518D49C2D004D2807 /* Icon-72@2x.png in Resources */ = {isa = PBXBuildFile; fileRef = 098AF62B18D49C2D004D2807 /* Icon-72@2x.png */; };
		098AF63618D49C2D004D2807 /* Icon-Small-50.png in Resources */ = {isa = PBXBuildFile; fileRef = 098AF62C18D49C2D004D2807 /* Icon-Small-50.png */; };
		098AF63718D49C2D004D2807 /* Icon-Small-50@2x.png in Resources */ = {isa = PBXBuildFile; fileRef = 098AF62D18D49C2D004D2807 /* Icon-Small-50@2x.png */; };
		098AF63818D49C2D004D2807 /* Icon-Small.png in Resources */ = {isa = PBXBuildFile; fileRef = 098AF62E18D49C2D004D2807 /* Icon-Small.png */; };
		098AF63918D49C2D004D2807 /* Icon-Small@2x.png in Resources */ = {isa = PBXBuildFile; fileRef = 098AF62F18D49C2D004D2807 /* Icon-Small@2x.png */; };
		098AF63A18D49C2D004D2807 /* Icon.png in Resources */ = {isa = PBXBuildFile; fileRef = 098AF63018D49C2D004D2807 /* Icon.png */; };
		098AF63B18D49C2D004D2807 /* Icon@2x.png in Resources */ = {isa = PBXBuildFile; fileRef = 098AF63118D49C2D004D2807 /* Icon@2x.png */; };
		098AF63C18D49C2D004D2807 /* iTunesArtwork in Resources */ = {isa = PBXBuildFile; fileRef = 098AF63218D49C2D004D2807 /* iTunesArtwork */; };
		098AF63D18D49C2D004D2807 /* iTunesArtwork@2x in Resources */ = {isa = PBXBuildFile; fileRef = 098AF63318D49C2D004D2807 /* iTunesArtwork@2x */; };
		09BBBAB418CFF84800B4B884 /* PickupDetailsViewController.m in Sources */ = {isa = PBXBuildFile; fileRef = 09BBBAB318CFF84800B4B884 /* PickupDetailsViewController.m */; };
		09BBBABA18D046FB00B4B884 /* SignupViewController.m in Sources */ = {isa = PBXBuildFile; fileRef = 09BBBAB918D046FB00B4B884 /* SignupViewController.m */; };
		09BBBABD18D0792900B4B884 /* LoginViewController.m in Sources */ = {isa = PBXBuildFile; fileRef = 09BBBABC18D0792900B4B884 /* LoginViewController.m */; };
		09D7960718D554D4003316D2 /* Default.png in Resources */ = {isa = PBXBuildFile; fileRef = 09D7960418D554D4003316D2 /* Default.png */; };
		09D7960818D554D4003316D2 /* Default@2x.png in Resources */ = {isa = PBXBuildFile; fileRef = 09D7960518D554D4003316D2 /* Default@2x.png */; };
		09D7960918D554D4003316D2 /* Default-568h@2x.png in Resources */ = {isa = PBXBuildFile; fileRef = 09D7960618D554D4003316D2 /* Default-568h@2x.png */; };
		09D8C9EE18CEFCDE0099D9D2 /* Foundation.framework in Frameworks */ = {isa = PBXBuildFile; fileRef = 09D8C9ED18CEFCDE0099D9D2 /* Foundation.framework */; };
		09D8C9F018CEFCDE0099D9D2 /* CoreGraphics.framework in Frameworks */ = {isa = PBXBuildFile; fileRef = 09D8C9EF18CEFCDE0099D9D2 /* CoreGraphics.framework */; };
		09D8C9F218CEFCDE0099D9D2 /* UIKit.framework in Frameworks */ = {isa = PBXBuildFile; fileRef = 09D8C9F118CEFCDE0099D9D2 /* UIKit.framework */; };
		09D8C9F818CEFCDE0099D9D2 /* InfoPlist.strings in Resources */ = {isa = PBXBuildFile; fileRef = 09D8C9F618CEFCDE0099D9D2 /* InfoPlist.strings */; };
		09D8C9FA18CEFCDE0099D9D2 /* main.m in Sources */ = {isa = PBXBuildFile; fileRef = 09D8C9F918CEFCDE0099D9D2 /* main.m */; };
		09D8C9FE18CEFCDE0099D9D2 /* AppDelegate.m in Sources */ = {isa = PBXBuildFile; fileRef = 09D8C9FD18CEFCDE0099D9D2 /* AppDelegate.m */; };
		09D8CA0118CEFCDE0099D9D2 /* Main.storyboard in Resources */ = {isa = PBXBuildFile; fileRef = 09D8C9FF18CEFCDE0099D9D2 /* Main.storyboard */; };
		09D8CA0418CEFCDE0099D9D2 /* ViewController.m in Sources */ = {isa = PBXBuildFile; fileRef = 09D8CA0318CEFCDE0099D9D2 /* ViewController.m */; };
		09D8CA0618CEFCDE0099D9D2 /* Images.xcassets in Resources */ = {isa = PBXBuildFile; fileRef = 09D8CA0518CEFCDE0099D9D2 /* Images.xcassets */; };
		09D8CA0D18CEFCDF0099D9D2 /* XCTest.framework in Frameworks */ = {isa = PBXBuildFile; fileRef = 09D8CA0C18CEFCDF0099D9D2 /* XCTest.framework */; };
		09D8CA0E18CEFCDF0099D9D2 /* Foundation.framework in Frameworks */ = {isa = PBXBuildFile; fileRef = 09D8C9ED18CEFCDE0099D9D2 /* Foundation.framework */; };
		09D8CA0F18CEFCDF0099D9D2 /* UIKit.framework in Frameworks */ = {isa = PBXBuildFile; fileRef = 09D8C9F118CEFCDE0099D9D2 /* UIKit.framework */; };
		09D8CA1718CEFCDF0099D9D2 /* InfoPlist.strings in Resources */ = {isa = PBXBuildFile; fileRef = 09D8CA1518CEFCDF0099D9D2 /* InfoPlist.strings */; };
		09D8CA1918CEFCDF0099D9D2 /* MobileFreshTests.m in Sources */ = {isa = PBXBuildFile; fileRef = 09D8CA1818CEFCDF0099D9D2 /* MobileFreshTests.m */; };
		30BB4CDF18D81CEA00B7B8BF /* CoreLocation.framework in Frameworks */ = {isa = PBXBuildFile; fileRef = 30BB4CDE18D81CEA00B7B8BF /* CoreLocation.framework */; };
		30BB4CE018D81CFB00B7B8BF /* MapKit.framework in Frameworks */ = {isa = PBXBuildFile; fileRef = 5A21086518D31B4B00C2D60C /* MapKit.framework */; };
		30BB4CE418D8312000B7B8BF /* Node.m in Sources */ = {isa = PBXBuildFile; fileRef = 30BB4CE318D8312000B7B8BF /* Node.m */; };
		30BB4CE818D8325E00B7B8BF /* MobileFreshUtil.m in Sources */ = {isa = PBXBuildFile; fileRef = 30BB4CE718D8325E00B7B8BF /* MobileFreshUtil.m */; };
		30BB4CEB18D8348200B7B8BF /* NodeCell.m in Sources */ = {isa = PBXBuildFile; fileRef = 30BB4CEA18D8348200B7B8BF /* NodeCell.m */; };
		5A21086618D31B4B00C2D60C /* MapKit.framework in Frameworks */ = {isa = PBXBuildFile; fileRef = 5A21086518D31B4B00C2D60C /* MapKit.framework */; };
		5A21086918D345F700C2D60C /* Annotation.m in Sources */ = {isa = PBXBuildFile; fileRef = 5A21086818D345F700C2D60C /* Annotation.m */; };
/* End PBXBuildFile section */

/* Begin PBXContainerItemProxy section */
		09D8CA1018CEFCDF0099D9D2 /* PBXContainerItemProxy */ = {
			isa = PBXContainerItemProxy;
			containerPortal = 09D8C9E218CEFCDE0099D9D2 /* Project object */;
			proxyType = 1;
			remoteGlobalIDString = 09D8C9E918CEFCDE0099D9D2;
			remoteInfo = MobileFresh;
		};
/* End PBXContainerItemProxy section */

/* Begin PBXFileReference section */
		09340DED18D0BF28008DC7FA /* NodeListTableViewController.h */ = {isa = PBXFileReference; fileEncoding = 4; lastKnownFileType = sourcecode.c.h; name = NodeListTableViewController.h; path = admin/NodeListTableViewController.h; sourceTree = "<group>"; };
		09340DEE18D0BF28008DC7FA /* NodeListTableViewController.m */ = {isa = PBXFileReference; fileEncoding = 4; lastKnownFileType = sourcecode.c.objc; name = NodeListTableViewController.m; path = admin/NodeListTableViewController.m; sourceTree = "<group>"; };
		09340DF018D0C799008DC7FA /* NodesMapViewController.h */ = {isa = PBXFileReference; fileEncoding = 4; lastKnownFileType = sourcecode.c.h; name = NodesMapViewController.h; path = admin/NodesMapViewController.h; sourceTree = "<group>"; };
		09340DF118D0C799008DC7FA /* NodesMapViewController.m */ = {isa = PBXFileReference; fileEncoding = 4; lastKnownFileType = sourcecode.c.objc; name = NodesMapViewController.m; path = admin/NodesMapViewController.m; sourceTree = "<group>"; };
		098AF62A18D49C2D004D2807 /* Icon-72.png */ = {isa = PBXFileReference; lastKnownFileType = image.png; path = "Icon-72.png"; sourceTree = "<group>"; };
		098AF62B18D49C2D004D2807 /* Icon-72@2x.png */ = {isa = PBXFileReference; lastKnownFileType = image.png; path = "Icon-72@2x.png"; sourceTree = "<group>"; };
		098AF62C18D49C2D004D2807 /* Icon-Small-50.png */ = {isa = PBXFileReference; lastKnownFileType = image.png; path = "Icon-Small-50.png"; sourceTree = "<group>"; };
		098AF62D18D49C2D004D2807 /* Icon-Small-50@2x.png */ = {isa = PBXFileReference; lastKnownFileType = image.png; path = "Icon-Small-50@2x.png"; sourceTree = "<group>"; };
		098AF62E18D49C2D004D2807 /* Icon-Small.png */ = {isa = PBXFileReference; lastKnownFileType = image.png; path = "Icon-Small.png"; sourceTree = "<group>"; };
		098AF62F18D49C2D004D2807 /* Icon-Small@2x.png */ = {isa = PBXFileReference; lastKnownFileType = image.png; path = "Icon-Small@2x.png"; sourceTree = "<group>"; };
		098AF63018D49C2D004D2807 /* Icon.png */ = {isa = PBXFileReference; lastKnownFileType = image.png; path = Icon.png; sourceTree = "<group>"; };
		098AF63118D49C2D004D2807 /* Icon@2x.png */ = {isa = PBXFileReference; lastKnownFileType = image.png; path = "Icon@2x.png"; sourceTree = "<group>"; };
		098AF63218D49C2D004D2807 /* iTunesArtwork */ = {isa = PBXFileReference; lastKnownFileType = file; path = iTunesArtwork; sourceTree = "<group>"; };
		098AF63318D49C2D004D2807 /* iTunesArtwork@2x */ = {isa = PBXFileReference; lastKnownFileType = file; path = "iTunesArtwork@2x"; sourceTree = "<group>"; };
		09BBBAB218CFF84800B4B884 /* PickupDetailsViewController.h */ = {isa = PBXFileReference; fileEncoding = 4; lastKnownFileType = sourcecode.c.h; name = PickupDetailsViewController.h; path = views/PickupDetailsViewController.h; sourceTree = "<group>"; };
		09BBBAB318CFF84800B4B884 /* PickupDetailsViewController.m */ = {isa = PBXFileReference; fileEncoding = 4; lastKnownFileType = sourcecode.c.objc; name = PickupDetailsViewController.m; path = views/PickupDetailsViewController.m; sourceTree = "<group>"; };
		09BBBAB818D046FB00B4B884 /* SignupViewController.h */ = {isa = PBXFileReference; fileEncoding = 4; lastKnownFileType = sourcecode.c.h; name = SignupViewController.h; path = common/SignupViewController.h; sourceTree = "<group>"; };
		09BBBAB918D046FB00B4B884 /* SignupViewController.m */ = {isa = PBXFileReference; fileEncoding = 4; lastKnownFileType = sourcecode.c.objc; name = SignupViewController.m; path = common/SignupViewController.m; sourceTree = "<group>"; };
		09BBBABB18D0792900B4B884 /* LoginViewController.h */ = {isa = PBXFileReference; fileEncoding = 4; lastKnownFileType = sourcecode.c.h; name = LoginViewController.h; path = common/LoginViewController.h; sourceTree = "<group>"; };
		09BBBABC18D0792900B4B884 /* LoginViewController.m */ = {isa = PBXFileReference; fileEncoding = 4; lastKnownFileType = sourcecode.c.objc; name = LoginViewController.m; path = common/LoginViewController.m; sourceTree = "<group>"; };
		09D7960418D554D4003316D2 /* Default.png */ = {isa = PBXFileReference; lastKnownFileType = image.png; path = Default.png; sourceTree = "<group>"; };
		09D7960518D554D4003316D2 /* Default@2x.png */ = {isa = PBXFileReference; lastKnownFileType = image.png; path = "Default@2x.png"; sourceTree = "<group>"; };
		09D7960618D554D4003316D2 /* Default-568h@2x.png */ = {isa = PBXFileReference; lastKnownFileType = image.png; path = "Default-568h@2x.png"; sourceTree = "<group>"; };
		09D8C9EA18CEFCDE0099D9D2 /* MobileFresh.app */ = {isa = PBXFileReference; explicitFileType = wrapper.application; includeInIndex = 0; path = MobileFresh.app; sourceTree = BUILT_PRODUCTS_DIR; };
		09D8C9ED18CEFCDE0099D9D2 /* Foundation.framework */ = {isa = PBXFileReference; lastKnownFileType = wrapper.framework; name = Foundation.framework; path = System/Library/Frameworks/Foundation.framework; sourceTree = SDKROOT; };
		09D8C9EF18CEFCDE0099D9D2 /* CoreGraphics.framework */ = {isa = PBXFileReference; lastKnownFileType = wrapper.framework; name = CoreGraphics.framework; path = System/Library/Frameworks/CoreGraphics.framework; sourceTree = SDKROOT; };
		09D8C9F118CEFCDE0099D9D2 /* UIKit.framework */ = {isa = PBXFileReference; lastKnownFileType = wrapper.framework; name = UIKit.framework; path = System/Library/Frameworks/UIKit.framework; sourceTree = SDKROOT; };
		09D8C9F518CEFCDE0099D9D2 /* MobileFresh-Info.plist */ = {isa = PBXFileReference; lastKnownFileType = text.plist.xml; path = "MobileFresh-Info.plist"; sourceTree = "<group>"; };
		09D8C9F718CEFCDE0099D9D2 /* en */ = {isa = PBXFileReference; lastKnownFileType = text.plist.strings; name = en; path = en.lproj/InfoPlist.strings; sourceTree = "<group>"; };
		09D8C9F918CEFCDE0099D9D2 /* main.m */ = {isa = PBXFileReference; lastKnownFileType = sourcecode.c.objc; path = main.m; sourceTree = "<group>"; };
		09D8C9FB18CEFCDE0099D9D2 /* MobileFresh-Prefix.pch */ = {isa = PBXFileReference; lastKnownFileType = sourcecode.c.h; path = "MobileFresh-Prefix.pch"; sourceTree = "<group>"; };
		09D8C9FC18CEFCDE0099D9D2 /* AppDelegate.h */ = {isa = PBXFileReference; lastKnownFileType = sourcecode.c.h; path = AppDelegate.h; sourceTree = "<group>"; };
		09D8C9FD18CEFCDE0099D9D2 /* AppDelegate.m */ = {isa = PBXFileReference; lastKnownFileType = sourcecode.c.objc; path = AppDelegate.m; sourceTree = "<group>"; };
		09D8CA0018CEFCDE0099D9D2 /* Base */ = {isa = PBXFileReference; lastKnownFileType = file.storyboard; name = Base; path = Base.lproj/Main.storyboard; sourceTree = "<group>"; };
		09D8CA0218CEFCDE0099D9D2 /* ViewController.h */ = {isa = PBXFileReference; lastKnownFileType = sourcecode.c.h; path = ViewController.h; sourceTree = "<group>"; };
		09D8CA0318CEFCDE0099D9D2 /* ViewController.m */ = {isa = PBXFileReference; lastKnownFileType = sourcecode.c.objc; path = ViewController.m; sourceTree = "<group>"; };
		09D8CA0518CEFCDE0099D9D2 /* Images.xcassets */ = {isa = PBXFileReference; lastKnownFileType = folder.assetcatalog; path = Images.xcassets; sourceTree = "<group>"; };
		09D8CA0B18CEFCDF0099D9D2 /* MobileFreshTests.xctest */ = {isa = PBXFileReference; explicitFileType = wrapper.cfbundle; includeInIndex = 0; path = MobileFreshTests.xctest; sourceTree = BUILT_PRODUCTS_DIR; };
		09D8CA0C18CEFCDF0099D9D2 /* XCTest.framework */ = {isa = PBXFileReference; lastKnownFileType = wrapper.framework; name = XCTest.framework; path = Library/Frameworks/XCTest.framework; sourceTree = DEVELOPER_DIR; };
		09D8CA1418CEFCDF0099D9D2 /* MobileFreshTests-Info.plist */ = {isa = PBXFileReference; lastKnownFileType = text.plist.xml; path = "MobileFreshTests-Info.plist"; sourceTree = "<group>"; };
		09D8CA1618CEFCDF0099D9D2 /* en */ = {isa = PBXFileReference; lastKnownFileType = text.plist.strings; name = en; path = en.lproj/InfoPlist.strings; sourceTree = "<group>"; };
		09D8CA1818CEFCDF0099D9D2 /* MobileFreshTests.m */ = {isa = PBXFileReference; lastKnownFileType = sourcecode.c.objc; path = MobileFreshTests.m; sourceTree = "<group>"; };
		30BB4CDE18D81CEA00B7B8BF /* CoreLocation.framework */ = {isa = PBXFileReference; lastKnownFileType = wrapper.framework; name = CoreLocation.framework; path = System/Library/Frameworks/CoreLocation.framework; sourceTree = SDKROOT; };
		30BB4CE218D8312000B7B8BF /* Node.h */ = {isa = PBXFileReference; fileEncoding = 4; lastKnownFileType = sourcecode.c.h; path = Node.h; sourceTree = "<group>"; };
		30BB4CE318D8312000B7B8BF /* Node.m */ = {isa = PBXFileReference; fileEncoding = 4; lastKnownFileType = sourcecode.c.objc; path = Node.m; sourceTree = "<group>"; };
		30BB4CE618D8325E00B7B8BF /* MobileFreshUtil.h */ = {isa = PBXFileReference; fileEncoding = 4; lastKnownFileType = sourcecode.c.h; name = MobileFreshUtil.h; path = Util/MobileFreshUtil.h; sourceTree = "<group>"; };
		30BB4CE718D8325E00B7B8BF /* MobileFreshUtil.m */ = {isa = PBXFileReference; fileEncoding = 4; lastKnownFileType = sourcecode.c.objc; name = MobileFreshUtil.m; path = Util/MobileFreshUtil.m; sourceTree = "<group>"; };
		30BB4CE918D8348200B7B8BF /* NodeCell.h */ = {isa = PBXFileReference; fileEncoding = 4; lastKnownFileType = sourcecode.c.h; name = NodeCell.h; path = Util/CustomCell/NodeCell.h; sourceTree = "<group>"; };
		30BB4CEA18D8348200B7B8BF /* NodeCell.m */ = {isa = PBXFileReference; fileEncoding = 4; lastKnownFileType = sourcecode.c.objc; name = NodeCell.m; path = Util/CustomCell/NodeCell.m; sourceTree = "<group>"; };
		5A21086518D31B4B00C2D60C /* MapKit.framework */ = {isa = PBXFileReference; lastKnownFileType = wrapper.framework; name = MapKit.framework; path = System/Library/Frameworks/MapKit.framework; sourceTree = SDKROOT; };
		5A21086718D345F700C2D60C /* Annotation.h */ = {isa = PBXFileReference; fileEncoding = 4; lastKnownFileType = sourcecode.c.h; path = Annotation.h; sourceTree = "<group>"; };
		5A21086818D345F700C2D60C /* Annotation.m */ = {isa = PBXFileReference; fileEncoding = 4; lastKnownFileType = sourcecode.c.objc; path = Annotation.m; sourceTree = "<group>"; };
/* End PBXFileReference section */

/* Begin PBXFrameworksBuildPhase section */
		09D8C9E718CEFCDE0099D9D2 /* Frameworks */ = {
			isa = PBXFrameworksBuildPhase;
			buildActionMask = 2147483647;
			files = (
				30BB4CE018D81CFB00B7B8BF /* MapKit.framework in Frameworks */,
				30BB4CDF18D81CEA00B7B8BF /* CoreLocation.framework in Frameworks */,
				09D8C9F018CEFCDE0099D9D2 /* CoreGraphics.framework in Frameworks */,
				09D8C9F218CEFCDE0099D9D2 /* UIKit.framework in Frameworks */,
				09D8C9EE18CEFCDE0099D9D2 /* Foundation.framework in Frameworks */,
			);
			runOnlyForDeploymentPostprocessing = 0;
		};
		09D8CA0818CEFCDF0099D9D2 /* Frameworks */ = {
			isa = PBXFrameworksBuildPhase;
			buildActionMask = 2147483647;
			files = (
				5A21086618D31B4B00C2D60C /* MapKit.framework in Frameworks */,
				09D8CA0D18CEFCDF0099D9D2 /* XCTest.framework in Frameworks */,
				09D8CA0F18CEFCDF0099D9D2 /* UIKit.framework in Frameworks */,
				09D8CA0E18CEFCDF0099D9D2 /* Foundation.framework in Frameworks */,
			);
			runOnlyForDeploymentPostprocessing = 0;
		};
/* End PBXFrameworksBuildPhase section */

/* Begin PBXGroup section */
		098AF62918D49C2D004D2807 /* images */ = {
			isa = PBXGroup;
			children = (
				09D7960418D554D4003316D2 /* Default.png */,
				09D7960518D554D4003316D2 /* Default@2x.png */,
				09D7960618D554D4003316D2 /* Default-568h@2x.png */,
				098AF62A18D49C2D004D2807 /* Icon-72.png */,
				098AF62B18D49C2D004D2807 /* Icon-72@2x.png */,
				098AF62C18D49C2D004D2807 /* Icon-Small-50.png */,
				098AF62D18D49C2D004D2807 /* Icon-Small-50@2x.png */,
				098AF62E18D49C2D004D2807 /* Icon-Small.png */,
				098AF62F18D49C2D004D2807 /* Icon-Small@2x.png */,
				098AF63018D49C2D004D2807 /* Icon.png */,
				098AF63118D49C2D004D2807 /* Icon@2x.png */,
				098AF63218D49C2D004D2807 /* iTunesArtwork */,
				098AF63318D49C2D004D2807 /* iTunesArtwork@2x */,
			);
			path = images;
			sourceTree = "<group>";
		};
		09BBBAB518D046AA00B4B884 /* donater */ = {
			isa = PBXGroup;
			children = (
				09BBBAB218CFF84800B4B884 /* PickupDetailsViewController.h */,
				09BBBAB318CFF84800B4B884 /* PickupDetailsViewController.m */,
			);
			name = donater;
			sourceTree = "<group>";
		};
		09BBBAB618D046C000B4B884 /* admin */ = {
			isa = PBXGroup;
			children = (
				09340DED18D0BF28008DC7FA /* NodeListTableViewController.h */,
				09340DEE18D0BF28008DC7FA /* NodeListTableViewController.m */,
				09340DF018D0C799008DC7FA /* NodesMapViewController.h */,
				09340DF118D0C799008DC7FA /* NodesMapViewController.m */,
				5A21086718D345F700C2D60C /* Annotation.h */,
				5A21086818D345F700C2D60C /* Annotation.m */,
				30BB4CE918D8348200B7B8BF /* NodeCell.h */,
				30BB4CEA18D8348200B7B8BF /* NodeCell.m */,
			);
			name = admin;
			sourceTree = "<group>";
		};
		09BBBAB718D046D300B4B884 /* common */ = {
			isa = PBXGroup;
			children = (
				09BBBAB818D046FB00B4B884 /* SignupViewController.h */,
				09BBBAB918D046FB00B4B884 /* SignupViewController.m */,
				09BBBABB18D0792900B4B884 /* LoginViewController.h */,
				09BBBABC18D0792900B4B884 /* LoginViewController.m */,
			);
			name = common;
			sourceTree = "<group>";
		};
		09D8C9E118CEFCDE0099D9D2 = {
			isa = PBXGroup;
			children = (
				09D8C9F318CEFCDE0099D9D2 /* MobileFresh */,
				09D8CA1218CEFCDF0099D9D2 /* MobileFreshTests */,
				09D8C9EC18CEFCDE0099D9D2 /* Frameworks */,
				09D8C9EB18CEFCDE0099D9D2 /* Products */,
			);
			sourceTree = "<group>";
		};
		09D8C9EB18CEFCDE0099D9D2 /* Products */ = {
			isa = PBXGroup;
			children = (
				09D8C9EA18CEFCDE0099D9D2 /* MobileFresh.app */,
				09D8CA0B18CEFCDF0099D9D2 /* MobileFreshTests.xctest */,
			);
			name = Products;
			sourceTree = "<group>";
		};
		09D8C9EC18CEFCDE0099D9D2 /* Frameworks */ = {
			isa = PBXGroup;
			children = (
				30BB4CDE18D81CEA00B7B8BF /* CoreLocation.framework */,
				5A21086518D31B4B00C2D60C /* MapKit.framework */,
				09D8C9ED18CEFCDE0099D9D2 /* Foundation.framework */,
				09D8C9EF18CEFCDE0099D9D2 /* CoreGraphics.framework */,
				09D8C9F118CEFCDE0099D9D2 /* UIKit.framework */,
				09D8CA0C18CEFCDF0099D9D2 /* XCTest.framework */,
			);
			name = Frameworks;
			sourceTree = "<group>";
		};
		09D8C9F318CEFCDE0099D9D2 /* MobileFresh */ = {
			isa = PBXGroup;
			children = (
				30BB4CE518D8324200B7B8BF /* Util */,
				30BB4CE118D8310F00B7B8BF /* Domian */,
				09BBBAB718D046D300B4B884 /* common */,
				09BBBAB618D046C000B4B884 /* admin */,
				09BBBAB518D046AA00B4B884 /* donater */,
				09D8C9FC18CEFCDE0099D9D2 /* AppDelegate.h */,
				09D8C9FD18CEFCDE0099D9D2 /* AppDelegate.m */,
				09D8C9FF18CEFCDE0099D9D2 /* Main.storyboard */,
				09D8CA0218CEFCDE0099D9D2 /* ViewController.h */,
				09D8CA0318CEFCDE0099D9D2 /* ViewController.m */,
				09D8CA0518CEFCDE0099D9D2 /* Images.xcassets */,
				09D8C9F418CEFCDE0099D9D2 /* Supporting Files */,
			);
			path = MobileFresh;
			sourceTree = "<group>";
		};
		09D8C9F418CEFCDE0099D9D2 /* Supporting Files */ = {
			isa = PBXGroup;
			children = (
				098AF62918D49C2D004D2807 /* images */,
				09D8C9F518CEFCDE0099D9D2 /* MobileFresh-Info.plist */,
				09D8C9F618CEFCDE0099D9D2 /* InfoPlist.strings */,
				09D8C9F918CEFCDE0099D9D2 /* main.m */,
				09D8C9FB18CEFCDE0099D9D2 /* MobileFresh-Prefix.pch */,
			);
			name = "Supporting Files";
			sourceTree = "<group>";
		};
		09D8CA1218CEFCDF0099D9D2 /* MobileFreshTests */ = {
			isa = PBXGroup;
			children = (
				09D8CA1818CEFCDF0099D9D2 /* MobileFreshTests.m */,
				09D8CA1318CEFCDF0099D9D2 /* Supporting Files */,
			);
			path = MobileFreshTests;
			sourceTree = "<group>";
		};
		09D8CA1318CEFCDF0099D9D2 /* Supporting Files */ = {
			isa = PBXGroup;
			children = (
				09D8CA1418CEFCDF0099D9D2 /* MobileFreshTests-Info.plist */,
				09D8CA1518CEFCDF0099D9D2 /* InfoPlist.strings */,
			);
			name = "Supporting Files";
			sourceTree = "<group>";
		};
		30BB4CE118D8310F00B7B8BF /* Domian */ = {
			isa = PBXGroup;
			children = (
				30BB4CE218D8312000B7B8BF /* Node.h */,
				30BB4CE318D8312000B7B8BF /* Node.m */,
			);
			name = Domian;
			sourceTree = "<group>";
		};
		30BB4CE518D8324200B7B8BF /* Util */ = {
			isa = PBXGroup;
			children = (
				30BB4CE618D8325E00B7B8BF /* MobileFreshUtil.h */,
				30BB4CE718D8325E00B7B8BF /* MobileFreshUtil.m */,
			);
			name = Util;
			sourceTree = "<group>";
		};
/* End PBXGroup section */

/* Begin PBXNativeTarget section */
		09D8C9E918CEFCDE0099D9D2 /* MobileFresh */ = {
			isa = PBXNativeTarget;
			buildConfigurationList = 09D8CA1C18CEFCDF0099D9D2 /* Build configuration list for PBXNativeTarget "MobileFresh" */;
			buildPhases = (
				09D8C9E618CEFCDE0099D9D2 /* Sources */,
				09D8C9E718CEFCDE0099D9D2 /* Frameworks */,
				09D8C9E818CEFCDE0099D9D2 /* Resources */,
			);
			buildRules = (
			);
			dependencies = (
			);
			name = MobileFresh;
			productName = MobileFresh;
			productReference = 09D8C9EA18CEFCDE0099D9D2 /* MobileFresh.app */;
			productType = "com.apple.product-type.application";
		};
		09D8CA0A18CEFCDF0099D9D2 /* MobileFreshTests */ = {
			isa = PBXNativeTarget;
			buildConfigurationList = 09D8CA1F18CEFCDF0099D9D2 /* Build configuration list for PBXNativeTarget "MobileFreshTests" */;
			buildPhases = (
				09D8CA0718CEFCDF0099D9D2 /* Sources */,
				09D8CA0818CEFCDF0099D9D2 /* Frameworks */,
				09D8CA0918CEFCDF0099D9D2 /* Resources */,
			);
			buildRules = (
			);
			dependencies = (
				09D8CA1118CEFCDF0099D9D2 /* PBXTargetDependency */,
			);
			name = MobileFreshTests;
			productName = MobileFreshTests;
			productReference = 09D8CA0B18CEFCDF0099D9D2 /* MobileFreshTests.xctest */;
			productType = "com.apple.product-type.bundle.unit-test";
		};
/* End PBXNativeTarget section */

/* Begin PBXProject section */
		09D8C9E218CEFCDE0099D9D2 /* Project object */ = {
			isa = PBXProject;
			attributes = {
				LastUpgradeCheck = 0510;
				ORGANIZATIONNAME = Enactus;
				TargetAttributes = {
					09D8CA0A18CEFCDF0099D9D2 = {
						TestTargetID = 09D8C9E918CEFCDE0099D9D2;
					};
				};
			};
			buildConfigurationList = 09D8C9E518CEFCDE0099D9D2 /* Build configuration list for PBXProject "MobileFresh" */;
			compatibilityVersion = "Xcode 3.2";
			developmentRegion = English;
			hasScannedForEncodings = 0;
			knownRegions = (
				en,
				Base,
			);
			mainGroup = 09D8C9E118CEFCDE0099D9D2;
			productRefGroup = 09D8C9EB18CEFCDE0099D9D2 /* Products */;
			projectDirPath = "";
			projectRoot = "";
			targets = (
				09D8C9E918CEFCDE0099D9D2 /* MobileFresh */,
				09D8CA0A18CEFCDF0099D9D2 /* MobileFreshTests */,
			);
		};
/* End PBXProject section */

/* Begin PBXResourcesBuildPhase section */
		09D8C9E818CEFCDE0099D9D2 /* Resources */ = {
			isa = PBXResourcesBuildPhase;
			buildActionMask = 2147483647;
			files = (
				098AF63818D49C2D004D2807 /* Icon-Small.png in Resources */,
				09D8CA0618CEFCDE0099D9D2 /* Images.xcassets in Resources */,
				098AF63D18D49C2D004D2807 /* iTunesArtwork@2x in Resources */,
				098AF63A18D49C2D004D2807 /* Icon.png in Resources */,
				098AF63418D49C2D004D2807 /* Icon-72.png in Resources */,
				098AF63918D49C2D004D2807 /* Icon-Small@2x.png in Resources */,
				098AF63B18D49C2D004D2807 /* Icon@2x.png in Resources */,
				098AF63718D49C2D004D2807 /* Icon-Small-50@2x.png in Resources */,
				098AF63C18D49C2D004D2807 /* iTunesArtwork in Resources */,
				098AF63518D49C2D004D2807 /* Icon-72@2x.png in Resources */,
				098AF63618D49C2D004D2807 /* Icon-Small-50.png in Resources */,
				09D7960718D554D4003316D2 /* Default.png in Resources */,
				09D7960818D554D4003316D2 /* Default@2x.png in Resources */,
				09D7960918D554D4003316D2 /* Default-568h@2x.png in Resources */,
				09D8C9F818CEFCDE0099D9D2 /* InfoPlist.strings in Resources */,
				09D8CA0118CEFCDE0099D9D2 /* Main.storyboard in Resources */,
			);
			runOnlyForDeploymentPostprocessing = 0;
		};
		09D8CA0918CEFCDF0099D9D2 /* Resources */ = {
			isa = PBXResourcesBuildPhase;
			buildActionMask = 2147483647;
			files = (
				09D8CA1718CEFCDF0099D9D2 /* InfoPlist.strings in Resources */,
			);
			runOnlyForDeploymentPostprocessing = 0;
		};
/* End PBXResourcesBuildPhase section */

/* Begin PBXSourcesBuildPhase section */
		09D8C9E618CEFCDE0099D9D2 /* Sources */ = {
			isa = PBXSourcesBuildPhase;
			buildActionMask = 2147483647;
			files = (
				30BB4CE818D8325E00B7B8BF /* MobileFreshUtil.m in Sources */,
				09D8CA0418CEFCDE0099D9D2 /* ViewController.m in Sources */,
				09340DF218D0C799008DC7FA /* NodesMapViewController.m in Sources */,
				09BBBAB418CFF84800B4B884 /* PickupDetailsViewController.m in Sources */,
				5A21086918D345F700C2D60C /* Annotation.m in Sources */,
				09BBBABD18D0792900B4B884 /* LoginViewController.m in Sources */,
				30BB4CE418D8312000B7B8BF /* Node.m in Sources */,
				09340DEF18D0BF28008DC7FA /* NodeListTableViewController.m in Sources */,
				09D8C9FE18CEFCDE0099D9D2 /* AppDelegate.m in Sources */,
				09D8C9FA18CEFCDE0099D9D2 /* main.m in Sources */,
				09BBBABA18D046FB00B4B884 /* SignupViewController.m in Sources */,
				30BB4CEB18D8348200B7B8BF /* NodeCell.m in Sources */,
			);
			runOnlyForDeploymentPostprocessing = 0;
		};
		09D8CA0718CEFCDF0099D9D2 /* Sources */ = {
			isa = PBXSourcesBuildPhase;
			buildActionMask = 2147483647;
			files = (
				09D8CA1918CEFCDF0099D9D2 /* MobileFreshTests.m in Sources */,
			);
			runOnlyForDeploymentPostprocessing = 0;
		};
/* End PBXSourcesBuildPhase section */

/* Begin PBXTargetDependency section */
		09D8CA1118CEFCDF0099D9D2 /* PBXTargetDependency */ = {
			isa = PBXTargetDependency;
			target = 09D8C9E918CEFCDE0099D9D2 /* MobileFresh */;
			targetProxy = 09D8CA1018CEFCDF0099D9D2 /* PBXContainerItemProxy */;
		};
/* End PBXTargetDependency section */

/* Begin PBXVariantGroup section */
		09D8C9F618CEFCDE0099D9D2 /* InfoPlist.strings */ = {
			isa = PBXVariantGroup;
			children = (
				09D8C9F718CEFCDE0099D9D2 /* en */,
			);
			name = InfoPlist.strings;
			sourceTree = "<group>";
		};
		09D8C9FF18CEFCDE0099D9D2 /* Main.storyboard */ = {
			isa = PBXVariantGroup;
			children = (
				09D8CA0018CEFCDE0099D9D2 /* Base */,
			);
			name = Main.storyboard;
			sourceTree = "<group>";
		};
		09D8CA1518CEFCDF0099D9D2 /* InfoPlist.strings */ = {
			isa = PBXVariantGroup;
			children = (
				09D8CA1618CEFCDF0099D9D2 /* en */,
			);
			name = InfoPlist.strings;
			sourceTree = "<group>";
		};
/* End PBXVariantGroup section */

/* Begin XCBuildConfiguration section */
		09D8CA1A18CEFCDF0099D9D2 /* Debug */ = {
			isa = XCBuildConfiguration;
			buildSettings = {
				ALWAYS_SEARCH_USER_PATHS = NO;
				CLANG_CXX_LANGUAGE_STANDARD = "gnu++0x";
				CLANG_CXX_LIBRARY = "libc++";
				CLANG_ENABLE_MODULES = YES;
				CLANG_ENABLE_OBJC_ARC = YES;
				CLANG_WARN_BOOL_CONVERSION = YES;
				CLANG_WARN_CONSTANT_CONVERSION = YES;
				CLANG_WARN_DIRECT_OBJC_ISA_USAGE = YES_ERROR;
				CLANG_WARN_EMPTY_BODY = YES;
				CLANG_WARN_ENUM_CONVERSION = YES;
				CLANG_WARN_INT_CONVERSION = YES;
				CLANG_WARN_OBJC_ROOT_CLASS = YES_ERROR;
				CLANG_WARN__DUPLICATE_METHOD_MATCH = YES;
				CODE_SIGN_IDENTITY = "iPhone Developer: Enactus Development (4FNWK4CU9E)";
				"CODE_SIGN_IDENTITY[sdk=iphoneos*]" = "iPhone Developer: Enactus Development (4FNWK4CU9E)";
				COPY_PHASE_STRIP = NO;
				GCC_C_LANGUAGE_STANDARD = gnu99;
				GCC_DYNAMIC_NO_PIC = NO;
				GCC_OPTIMIZATION_LEVEL = 0;
				GCC_PREPROCESSOR_DEFINITIONS = (
					"DEBUG=1",
					"$(inherited)",
				);
				GCC_SYMBOLS_PRIVATE_EXTERN = NO;
				GCC_WARN_64_TO_32_BIT_CONVERSION = YES;
				GCC_WARN_ABOUT_RETURN_TYPE = YES_ERROR;
				GCC_WARN_UNDECLARED_SELECTOR = YES;
				GCC_WARN_UNINITIALIZED_AUTOS = YES_AGGRESSIVE;
				GCC_WARN_UNUSED_FUNCTION = YES;
				GCC_WARN_UNUSED_VARIABLE = YES;
				IPHONEOS_DEPLOYMENT_TARGET = 7.0;
				ONLY_ACTIVE_ARCH = YES;
				PROVISIONING_PROFILE = "CFA0BB5F-2828-44B7-95DB-7D7B23E9E3C4";
				SDKROOT = iphoneos;
				VALIDATE_PRODUCT = YES;
			};
			name = Debug;
		};
		09D8CA1B18CEFCDF0099D9D2 /* Release */ = {
			isa = XCBuildConfiguration;
			buildSettings = {
				ALWAYS_SEARCH_USER_PATHS = NO;
				CLANG_CXX_LANGUAGE_STANDARD = "gnu++0x";
				CLANG_CXX_LIBRARY = "libc++";
				CLANG_ENABLE_MODULES = YES;
				CLANG_ENABLE_OBJC_ARC = YES;
				CLANG_WARN_BOOL_CONVERSION = YES;
				CLANG_WARN_CONSTANT_CONVERSION = YES;
				CLANG_WARN_DIRECT_OBJC_ISA_USAGE = YES_ERROR;
				CLANG_WARN_EMPTY_BODY = YES;
				CLANG_WARN_ENUM_CONVERSION = YES;
				CLANG_WARN_INT_CONVERSION = YES;
				CLANG_WARN_OBJC_ROOT_CLASS = YES_ERROR;
				CLANG_WARN__DUPLICATE_METHOD_MATCH = YES;
				CODE_SIGN_IDENTITY = "iPhone Developer: Enactus Development (4FNWK4CU9E)";
				"CODE_SIGN_IDENTITY[sdk=iphoneos*]" = "iPhone Developer: Enactus Development (4FNWK4CU9E)";
				COPY_PHASE_STRIP = YES;
				ENABLE_NS_ASSERTIONS = NO;
				GCC_C_LANGUAGE_STANDARD = gnu99;
				GCC_WARN_64_TO_32_BIT_CONVERSION = YES;
				GCC_WARN_ABOUT_RETURN_TYPE = YES_ERROR;
				GCC_WARN_UNDECLARED_SELECTOR = YES;
				GCC_WARN_UNINITIALIZED_AUTOS = YES_AGGRESSIVE;
				GCC_WARN_UNUSED_FUNCTION = YES;
				GCC_WARN_UNUSED_VARIABLE = YES;
				IPHONEOS_DEPLOYMENT_TARGET = 7.0;
				PROVISIONING_PROFILE = "CFA0BB5F-2828-44B7-95DB-7D7B23E9E3C4";
				SDKROOT = iphoneos;
				VALIDATE_PRODUCT = YES;
			};
			name = Release;
		};
		09D8CA1D18CEFCDF0099D9D2 /* Debug */ = {
			isa = XCBuildConfiguration;
			buildSettings = {
				ASSETCATALOG_COMPILER_APPICON_NAME = AppIcon;
				ASSETCATALOG_COMPILER_LAUNCHIMAGE_NAME = LaunchImage;
				CODE_SIGN_IDENTITY = "iPhone Developer: Enactus Development (4FNWK4CU9E)";
				GCC_PRECOMPILE_PREFIX_HEADER = YES;
				GCC_PREFIX_HEADER = "MobileFresh/MobileFresh-Prefix.pch";
				INFOPLIST_FILE = "MobileFresh/MobileFresh-Info.plist";
				IPHONEOS_DEPLOYMENT_TARGET = 7.0;
				PRODUCT_NAME = "$(TARGET_NAME)";
				TARGETED_DEVICE_FAMILY = 1;
				WRAPPER_EXTENSION = app;
			};
			name = Debug;
		};
		09D8CA1E18CEFCDF0099D9D2 /* Release */ = {
			isa = XCBuildConfiguration;
			buildSettings = {
				ASSETCATALOG_COMPILER_APPICON_NAME = AppIcon;
				ASSETCATALOG_COMPILER_LAUNCHIMAGE_NAME = LaunchImage;
				CODE_SIGN_IDENTITY = "iPhone Developer: Enactus Development (4FNWK4CU9E)";
				GCC_PRECOMPILE_PREFIX_HEADER = YES;
				GCC_PREFIX_HEADER = "MobileFresh/MobileFresh-Prefix.pch";
				INFOPLIST_FILE = "MobileFresh/MobileFresh-Info.plist";
				IPHONEOS_DEPLOYMENT_TARGET = 7.0;
				PRODUCT_NAME = "$(TARGET_NAME)";
				TARGETED_DEVICE_FAMILY = 1;
				WRAPPER_EXTENSION = app;
			};
			name = Release;
		};
		09D8CA2018CEFCDF0099D9D2 /* Debug */ = {
			isa = XCBuildConfiguration;
			buildSettings = {
				BUNDLE_LOADER = "$(BUILT_PRODUCTS_DIR)/MobileFresh.app/MobileFresh";
				FRAMEWORK_SEARCH_PATHS = (
					"$(SDKROOT)/Developer/Library/Frameworks",
					"$(inherited)",
					"$(DEVELOPER_FRAMEWORKS_DIR)",
				);
				GCC_PRECOMPILE_PREFIX_HEADER = YES;
				GCC_PREFIX_HEADER = "MobileFresh/MobileFresh-Prefix.pch";
				GCC_PREPROCESSOR_DEFINITIONS = (
					"DEBUG=1",
					"$(inherited)",
				);
				INFOPLIST_FILE = "MobileFreshTests/MobileFreshTests-Info.plist";
				IPHONEOS_DEPLOYMENT_TARGET = 7.0;
				PRODUCT_NAME = "$(TARGET_NAME)";
				TEST_HOST = "$(BUNDLE_LOADER)";
				WRAPPER_EXTENSION = xctest;
			};
			name = Debug;
		};
		09D8CA2118CEFCDF0099D9D2 /* Release */ = {
			isa = XCBuildConfiguration;
			buildSettings = {
				BUNDLE_LOADER = "$(BUILT_PRODUCTS_DIR)/MobileFresh.app/MobileFresh";
				FRAMEWORK_SEARCH_PATHS = (
					"$(SDKROOT)/Developer/Library/Frameworks",
					"$(inherited)",
					"$(DEVELOPER_FRAMEWORKS_DIR)",
				);
				GCC_PRECOMPILE_PREFIX_HEADER = YES;
				GCC_PREFIX_HEADER = "MobileFresh/MobileFresh-Prefix.pch";
				INFOPLIST_FILE = "MobileFreshTests/MobileFreshTests-Info.plist";
				IPHONEOS_DEPLOYMENT_TARGET = 7.0;
				PRODUCT_NAME = "$(TARGET_NAME)";
				TEST_HOST = "$(BUNDLE_LOADER)";
				WRAPPER_EXTENSION = xctest;
			};
			name = Release;
		};
/* End XCBuildConfiguration section */

/* Begin XCConfigurationList section */
		09D8C9E518CEFCDE0099D9D2 /* Build configuration list for PBXProject "MobileFresh" */ = {
			isa = XCConfigurationList;
			buildConfigurations = (
				09D8CA1A18CEFCDF0099D9D2 /* Debug */,
				09D8CA1B18CEFCDF0099D9D2 /* Release */,
			);
			defaultConfigurationIsVisible = 0;
			defaultConfigurationName = Release;
		};
		09D8CA1C18CEFCDF0099D9D2 /* Build configuration list for PBXNativeTarget "MobileFresh" */ = {
			isa = XCConfigurationList;
			buildConfigurations = (
				09D8CA1D18CEFCDF0099D9D2 /* Debug */,
				09D8CA1E18CEFCDF0099D9D2 /* Release */,
			);
			defaultConfigurationIsVisible = 0;
			defaultConfigurationName = Release;
		};
		09D8CA1F18CEFCDF0099D9D2 /* Build configuration list for PBXNativeTarget "MobileFreshTests" */ = {
			isa = XCConfigurationList;
			buildConfigurations = (
				09D8CA2018CEFCDF0099D9D2 /* Debug */,
				09D8CA2118CEFCDF0099D9D2 /* Release */,
			);
			defaultConfigurationIsVisible = 0;
			defaultConfigurationName = Release;
		};
/* End XCConfigurationList section */
	};
	rootObject = 09D8C9E218CEFCDE0099D9D2 /* Project object */;
}
